
Microsoft Visual Studio Solution File, Format Version 12.00
# Visual Studio Version 16
VisualStudioVersion = 16.0.33214.272
MinimumVisualStudioVersion = 10.0.40219.1
Project("{FAE04EC0-301F-11D3-BF4B-00C04F79EFBC}") = "prakt16", "prakt16\prakt16.csproj", "{F997133F-4346-4520-BBBF-ACD4604869DF}"
EndProject
Global
	GlobalSection(SolutionConfigurationPlatforms) = preSolution
		Debug|Any CPU = Debug|Any CPU
		Release|Any CPU = Release|Any CPU
	EndGlobalSection
	GlobalSection(ProjectConfigurationPlatforms) = postSolution
		{F997133F-4346-4520-BBBF-ACD4604869DF}.Debug|Any CPU.ActiveCfg = Debug|Any CPU
		{F997133F-4346-4520-BBBF-ACD4604869DF}.Debug|Any CPU.Build.0 = Debug|Any CPU
		{F997133F-4346-4520-BBBF-ACD4604869DF}.Release|Any CPU.ActiveCfg = Release|Any CPU
		{F997133F-4346-4520-BBBF-ACD4604869DF}.Release|Any CPU.Build.0 = Release|Any CPU
	EndGlobalSection
	GlobalSection(SolutionProperties) = preSolution
		HideSolutionNode = FALSE
	EndGlobalSection
	GlobalSection(ExtensibilityGlobals) = postSolution
		SolutionGuid = {CBCFAB18-0B86-4B55-9763-1A7D899C382C}
	EndGlobalSection
EndGlobal
